# This file is automatically @generated by Cargo.
# It is not intended for manual editing.
version = 3

[[package]]
name = "qw-audio"
version = "0.1.0"
dependencies = [
 "qw-core",
]

[[package]]
name = "qw-cli"
version = "0.1.0"
dependencies = [
 "qw-audio",
 "qw-core",
 "qw-dsp",
 "qw-linux",
 "qw-macos",
 "qw-windows",
]

[[package]]
name = "qw-core"
version = "0.1.0"

[[package]]
name = "qw-dsp"
version = "0.1.0"
dependencies = [
 "qw-core",
]

[[package]]
name = "qw-linux"
version = "0.1.0"
dependencies = [
 "qw-audio",
 "qw-core",
]

[[package]]
name = "qw-macos"
version = "0.1.0"
dependencies = [
 "qw-audio",
 "qw-core",
]

[[package]]
name = "qw-windows"
version = "0.1.0"
dependencies = [
 "qw-audio",
 "qw-core",
]
